{
    "_readme": [
        "This file locks the dependencies of your project to a known state",
        "Read more about it at https://getcomposer.org/doc/01-basic-usage.md#installing-dependencies",
        "This file is @generated automatically"
    ],
    "content-hash": "ef0139b8131178a9d5c5d8d0df7d924b",
    "packages": [
        {
            "name": "phar-io/version",
            "version": "3.1.1",
            "source": {
                "type": "git",
                "url": "https://github.com/phar-io/version.git",
                "reference": "15a90844ad40f127afd244c0cad228de2a80052a"
            },
            "dist": {
                "type": "zip",
                "url": "https://api.github.com/repos/phar-io/version/zipball/15a90844ad40f127afd244c0cad228de2a80052a",
                "reference": "15a90844ad40f127afd244c0cad228de2a80052a",
                "shasum": ""
            },
            "require": {
                "php": "^7.2 || ^8.0"
            },
            "type": "library",
            "autoload": {
                "classmap": [
                    "src/"
                ]
            },
            "notification-url": "https://packagist.org/downloads/",
            "license": [
                "BSD-3-Clause"
            ],
            "authors": [
                {
                    "name": "Arne Blankerts",
                    "email": "arne@blankerts.de",
                    "role": "Developer"
                },
                {
                    "name": "Sebastian Heuer",
                    "email": "sebastian@phpeople.de",
                    "role": "Developer"
                },
                {
                    "name": "Sebastian Bergmann",
                    "email": "sebastian@phpunit.de",
                    "role": "Developer"
                }
            ],
            "description": "Library for handling version information and constraints",
            "support": {
                "issues": "https://github.com/phar-io/version/issues",
                "source": "https://github.com/phar-io/version/tree/3.1.1"
            },
            "time": "2022-02-07T21:56:48+00:00"
        },
        {
            "name": "symfony/deprecation-contracts",
            "version": "v2.5.0",
            "source": {
                "type": "git",
                "url": "https://github.com/symfony/deprecation-contracts.git",
                "reference": "6f981ee24cf69ee7ce9736146d1c57c2780598a8"
            },
            "dist": {
                "type": "zip",
                "url": "https://api.github.com/repos/symfony/deprecation-contracts/zipball/6f981ee24cf69ee7ce9736146d1c57c2780598a8",
                "reference": "6f981ee24cf69ee7ce9736146d1c57c2780598a8",
                "shasum": ""
            },
            "require": {
                "php": ">=7.1"
            },
            "type": "library",
            "extra": {
                "branch-alias": {
                    "dev-main": "2.5-dev"
                },
                "thanks": {
                    "name": "symfony/contracts",
                    "url": "https://github.com/symfony/contracts"
                }
            },
            "autoload": {
                "files": [
                    "function.php"
                ]
            },
            "notification-url": "https://packagist.org/downloads/",
            "license": [
                "MIT"
            ],
            "authors": [
                {
                    "name": "Nicolas Grekas",
                    "email": "p@tchwork.com"
                },
                {
                    "name": "Symfony Community",
                    "homepage": "https://symfony.com/contributors"
                }
            ],
            "description": "A generic function and convention to trigger deprecation notices",
            "homepage": "https://symfony.com",
            "support": {
                "source": "https://github.com/symfony/deprecation-contracts/tree/v2.5.0"
            },
            "funding": [
                {
                    "url": "https://symfony.com/sponsor",
                    "type": "custom"
                },
                {
                    "url": "https://github.com/fabpot",
                    "type": "github"
                },
                {
                    "url": "https://tidelift.com/funding/github/packagist/symfony/symfony",
                    "type": "tidelift"
                }
            ],
            "time": "2021-07-12T14:48:14+00:00"
        },
        {
            "name": "symfony/polyfill-ctype",
            "version": "v1.24.0",
            "source": {
                "type": "git",
                "url": "https://github.com/symfony/polyfill-ctype.git",
                "reference": "30885182c981ab175d4d034db0f6f469898070ab"
            },
            "dist": {
                "type": "zip",
                "url": "https://api.github.com/repos/symfony/polyfill-ctype/zipball/30885182c981ab175d4d034db0f6f469898070ab",
                "reference": "30885182c981ab175d4d034db0f6f469898070ab",
                "shasum": ""
            },
            "require": {
                "php": ">=7.1"
            },
            "provide": {
                "ext-ctype": "*"
            },
            "suggest": {
                "ext-ctype": "For best performance"
            },
            "type": "library",
            "extra": {
                "branch-alias": {
                    "dev-main": "1.23-dev"
                },
                "thanks": {
                    "name": "symfony/polyfill",
                    "url": "https://github.com/symfony/polyfill"
                }
            },
            "autoload": {
                "psr-4": {
                    "Symfony\\Polyfill\\Ctype\\": ""
                },
                "files": [
                    "bootstrap.php"
                ]
            },
            "notification-url": "https://packagist.org/downloads/",
            "license": [
                "MIT"
            ],
            "authors": [
                {
                    "name": "Gert de Pagter",
                    "email": "BackEndTea@gmail.com"
                },
                {
                    "name": "Symfony Community",
                    "homepage": "https://symfony.com/contributors"
                }
            ],
            "description": "Symfony polyfill for ctype functions",
            "homepage": "https://symfony.com",
            "keywords": [
                "compatibility",
                "ctype",
                "polyfill",
                "portable"
            ],
            "support": {
                "source": "https://github.com/symfony/polyfill-ctype/tree/v1.24.0"
            },
            "funding": [
                {
                    "url": "https://symfony.com/sponsor",
                    "type": "custom"
                },
                {
                    "url": "https://github.com/fabpot",
                    "type": "github"
                },
                {
                    "url": "https://tidelift.com/funding/github/packagist/symfony/symfony",
                    "type": "tidelift"
                }
            ],
            "time": "2021-10-20T20:35:02+00:00"
        },
        {
            "name": "symfony/polyfill-php80",
            "version": "v1.24.0",
            "source": {
                "type": "git",
                "url": "https://github.com/symfony/polyfill-php80.git",
                "reference": "57b712b08eddb97c762a8caa32c84e037892d2e9"
            },
            "dist": {
                "type": "zip",
                "url": "https://api.github.com/repos/symfony/polyfill-php80/zipball/57b712b08eddb97c762a8caa32c84e037892d2e9",
                "reference": "57b712b08eddb97c762a8caa32c84e037892d2e9",
                "shasum": ""
            },
            "require": {
                "php": ">=7.1"
            },
            "type": "library",
            "extra": {
                "branch-alias": {
                    "dev-main": "1.23-dev"
                },
                "thanks": {
                    "name": "symfony/polyfill",
                    "url": "https://github.com/symfony/polyfill"
                }
            },
            "autoload": {
                "files": [
                    "bootstrap.php"
                ],
                "psr-4": {
                    "Symfony\\Polyfill\\Php80\\": ""
                },
                "classmap": [
                    "Resources/stubs"
                ]
            },
            "notification-url": "https://packagist.org/downloads/",
            "license": [
                "MIT"
            ],
            "authors": [
                {
                    "name": "Ion Bazan",
                    "email": "ion.bazan@gmail.com"
                },
                {
                    "name": "Nicolas Grekas",
                    "email": "p@tchwork.com"
                },
                {
                    "name": "Symfony Community",
                    "homepage": "https://symfony.com/contributors"
                }
            ],
            "description": "Symfony polyfill backporting some PHP 8.0+ features to lower PHP versions",
            "homepage": "https://symfony.com",
            "keywords": [
                "compatibility",
                "polyfill",
                "portable",
                "shim"
            ],
            "support": {
                "source": "https://github.com/symfony/polyfill-php80/tree/v1.24.0"
            },
            "funding": [
                {
                    "url": "https://symfony.com/sponsor",
                    "type": "custom"
                },
                {
                    "url": "https://github.com/fabpot",
                    "type": "github"
                },
                {
                    "url": "https://tidelift.com/funding/github/packagist/symfony/symfony",
                    "type": "tidelift"
                }
            ],
            "time": "2021-09-13T13:58:33+00:00"
        },
        {
            "name": "symfony/serializer",
            "version": "v5.4.3",
            "source": {
                "type": "git",
                "url": "https://github.com/symfony/serializer.git",
                "reference": "13961b5b54691cbbca9c47f7d1a5b5c8f07dae6e"
            },
            "dist": {
                "type": "zip",
                "url": "https://api.github.com/repos/symfony/serializer/zipball/13961b5b54691cbbca9c47f7d1a5b5c8f07dae6e",
                "reference": "13961b5b54691cbbca9c47f7d1a5b5c8f07dae6e",
                "shasum": ""
            },
            "require": {
                "php": ">=7.2.5",
                "symfony/deprecation-contracts": "^2.1|^3",
                "symfony/polyfill-ctype": "~1.8",
                "symfony/polyfill-php80": "^1.16"
            },
            "conflict": {
                "doctrine/annotations": "<1.12",
                "phpdocumentor/reflection-docblock": "<3.2.2",
                "phpdocumentor/type-resolver": "<1.4.0",
                "symfony/dependency-injection": "<4.4",
                "symfony/property-access": "<5.4",
                "symfony/property-info": "<5.3.13",
                "symfony/uid": "<5.3",
                "symfony/yaml": "<4.4"
            },
            "require-dev": {
                "doctrine/annotations": "^1.12",
                "phpdocumentor/reflection-docblock": "^3.2|^4.0|^5.0",
                "symfony/cache": "^4.4|^5.0|^6.0",
                "symfony/config": "^4.4|^5.0|^6.0",
                "symfony/dependency-injection": "^4.4|^5.0|^6.0",
                "symfony/error-handler": "^4.4|^5.0|^6.0",
                "symfony/filesystem": "^4.4|^5.0|^6.0",
                "symfony/form": "^4.4|^5.0|^6.0",
                "symfony/http-foundation": "^4.4|^5.0|^6.0",
                "symfony/http-kernel": "^4.4|^5.0|^6.0",
                "symfony/mime": "^4.4|^5.0|^6.0",
                "symfony/property-access": "^5.4|^6.0",
                "symfony/property-info": "^5.3.13|^6.0",
                "symfony/uid": "^5.3|^6.0",
                "symfony/validator": "^4.4|^5.0|^6.0",
                "symfony/var-dumper": "^4.4|^5.0|^6.0",
                "symfony/var-exporter": "^4.4|^5.0|^6.0",
                "symfony/yaml": "^4.4|^5.0|^6.0"
            },
            "suggest": {
                "psr/cache-implementation": "For using the metadata cache.",
                "symfony/config": "For using the XML mapping loader.",
                "symfony/mime": "For using a MIME type guesser within the DataUriNormalizer.",
                "symfony/property-access": "For using the ObjectNormalizer.",
                "symfony/property-info": "To deserialize relations.",
                "symfony/var-exporter": "For using the metadata compiler.",
                "symfony/yaml": "For using the default YAML mapping loader."
            },
            "type": "library",
            "autoload": {
                "psr-4": {
                    "Symfony\\Component\\Serializer\\": ""
                },
                "exclude-from-classmap": [
                    "/Tests/"
                ]
            },
            "notification-url": "https://packagist.org/downloads/",
            "license": [
                "MIT"
            ],
            "authors": [
                {
                    "name": "Fabien Potencier",
                    "email": "fabien@symfony.com"
                },
                {
                    "name": "Symfony Community",
                    "homepage": "https://symfony.com/contributors"
                }
            ],
            "description": "Handles serializing and deserializing data structures, including object graphs, into array structures or other formats like XML and JSON.",
            "homepage": "https://symfony.com",
            "support": {
                "source": "https://github.com/symfony/serializer/tree/v5.4.3"
            },
            "funding": [
                {
                    "url": "https://symfony.com/sponsor",
                    "type": "custom"
                },
                {
                    "url": "https://github.com/fabpot",
                    "type": "github"
                },
                {
                    "url": "https://tidelift.com/funding/github/packagist/symfony/symfony",
                    "type": "tidelift"
                }
            ],
            "time": "2022-01-26T17:24:58+00:00"
        }
    ],
    "packages-dev": [],
    "aliases": [],
    "minimum-stability": "stable",
    "stability-flags": [],
    "prefer-stable": false,
    "prefer-lowest": false,
    "platform": {
        "php": "^7.2 || ^8.0",
        "ext-dom": "*",
        "ext-json": "*",
        "ext-phar": "*",
        "ext-xmlwriter": "*"
    },
    "platform-dev": [],
    "plugin-api-version": "2.1.0"
}
